
Microsoft Visual Studio Solution File, Format Version 12.00
# Visual Studio 15
VisualStudioVersion = 15.0.28010.2046
MinimumVisualStudioVersion = 10.0.40219.1
Project("{FAE04EC0-301F-11D3-BF4B-00C04F79EFBC}") = "GeneticAlgorithmExample", "GeneticAlgorithmExample\GeneticAlgorithmExample.csproj", "{A244ACD1-7B28-4083-8746-4EE0F037314E}"
EndProject
Project("{FAE04EC0-301F-11D3-BF4B-00C04F79EFBC}") = "Lab", "Lab\Lab.csproj", "{C98006FB-504B-42EE-8D2B-F6C62FDCFA1B}"
EndProject
Global
	GlobalSection(SolutionConfigurationPlatforms) = preSolution
		Debug|Any CPU = Debug|Any CPU
		Release|Any CPU = Release|Any CPU
	EndGlobalSection
	GlobalSection(ProjectConfigurationPlatforms) = postSolution
		{A244ACD1-7B28-4083-8746-4EE0F037314E}.Debug|Any CPU.ActiveCfg = Debug|Any CPU
		{A244ACD1-7B28-4083-8746-4EE0F037314E}.Debug|Any CPU.Build.0 = Debug|Any CPU
		{A244ACD1-7B28-4083-8746-4EE0F037314E}.Release|Any CPU.ActiveCfg = Release|Any CPU
		{A244ACD1-7B28-4083-8746-4EE0F037314E}.Release|Any CPU.Build.0 = Release|Any CPU
		{C98006FB-504B-42EE-8D2B-F6C62FDCFA1B}.Debug|Any CPU.ActiveCfg = Debug|Any CPU
		{C98006FB-504B-42EE-8D2B-F6C62FDCFA1B}.Debug|Any CPU.Build.0 = Debug|Any CPU
		{C98006FB-504B-42EE-8D2B-F6C62FDCFA1B}.Release|Any CPU.ActiveCfg = Release|Any CPU
		{C98006FB-504B-42EE-8D2B-F6C62FDCFA1B}.Release|Any CPU.Build.0 = Release|Any CPU
	EndGlobalSection
	GlobalSection(SolutionProperties) = preSolution
		HideSolutionNode = FALSE
	EndGlobalSection
	GlobalSection(ExtensibilityGlobals) = postSolution
		SolutionGuid = {0323BAD2-4D74-418E-AC0C-5C10EDBE6540}
	EndGlobalSection
EndGlobal
